// !$*UTF8*$!
{
	archiveVersion = 1;
	classes = {
	};
	objectVersion = 46;
	objects = {

/* Begin PBXBuildFile section */
		1B5A9DDAF9BAE9D889CAF145 /* CoreImage.framework */ = {isa = PBXBuildFile; fileRef = 3BC2CDD80DD2611ABC5242B2; };
		2FE314A337E596B17DB5B4EE /* include_juce_data_structures.mm */ = {isa = PBXBuildFile; fileRef = E9D6D44DC1F4DB842EA6B9E1; };
		412745F20EF98FD53D439AE3 /* CoreText.framework */ = {isa = PBXBuildFile; fileRef = 129BF87953E391442A5F2C99; };
		4BF7C819B846C26DF6892784 /* Main.cpp */ = {isa = PBXBuildFile; fileRef = 2D3B03BE020A2987C963FA33; };
		66AE1959D96D437B531A75D1 /* Images.xcassets */ = {isa = PBXBuildFile; fileRef = 707F59C047FE1FA3658BABBF; };
		7538E500823B02DBC6B6759E /* MainComponent.cpp */ = {isa = PBXBuildFile; fileRef = 2518EE6574FD0DCE60D8A5BA; };
		881FDAF870785B6D2C9DEFAC /* include_juce_core.mm */ = {isa = PBXBuildFile; fileRef = 7F78836AF61A17253DB0088D; };
		8A1A7F3807AC9CFE44B50D01 /* CoreServices.framework */ = {isa = PBXBuildFile; fileRef = DDB44DA1A30FC0E9A26FB6DA; };
		905727B042B5C8F9821640B6 /* include_juce_graphics.mm */ = {isa = PBXBuildFile; fileRef = EC3FE2B523D12FE83E9BA14D; };
		A3DF3C1C543EB69E4A8BC40E /* include_juce_events.mm */ = {isa = PBXBuildFile; fileRef = 03443859426F59BA5A9E1BEC; };
		B505CB904A13D51F8BD4F15D /* UIKit.framework */ = {isa = PBXBuildFile; fileRef = 59C695BE924A61BCC644E458; };
		D78EEAA39047E367712AF056 /* QuartzCore.framework */ = {isa = PBXBuildFile; fileRef = 56E85E2EFB41A93D541D0EA4; };
		DAD118CD44AE14203CE6DBCA /* LaunchScreen.storyboard */ = {isa = PBXBuildFile; fileRef = 4DFEE7D92085A7FD4B8489AF; };
		E5113902A762D01F358969C2 /* App */ = {isa = PBXBuildFile; fileRef = 866AB59538387902AA4EA784; };
		E7ABA45DA708D03FD9109C73 /* Foundation.framework */ = {isa = PBXBuildFile; fileRef = FC233ED2477CBC367650B68C; };
		E85FF18B56C7915A303C3EE5 /* CoreGraphics.framework */ = {isa = PBXBuildFile; fileRef = B2538F0EA8A39DAE8B6D86DF; };
		FDB3B7CCCF21F7169C04DE4D /* include_juce_gui_basics.mm */ = {isa = PBXBuildFile; fileRef = 80F139086749A3F796883945; };
/* End PBXBuildFile section */

/* Begin PBXFileReference section */
		03443859426F59BA5A9E1BEC /* include_juce_events.mm */ /* include_juce_events.mm */ = {isa = PBXFileReference; lastKnownFileType = sourcecode.cpp.objcpp; name = include_juce_events.mm; path = ../../JuceLibraryCode/include_juce_events.mm; sourceTree = SOURCE_ROOT; };
		129BF87953E391442A5F2C99 /* CoreText.framework */ /* CoreText.framework */ = {isa = PBXFileReference; lastKnownFileType = wrapper.framework; name = CoreText.framework; path = System/Library/Frameworks/CoreText.framework; sourceTree = SDKROOT; };
		2518EE6574FD0DCE60D8A5BA /* MainComponent.cpp */ /* MainComponent.cpp */ = {isa = PBXFileReference; lastKnownFileType = sourcecode.cpp.cpp; name = MainComponent.cpp; path = ../../Source/MainComponent.cpp; sourceTree = SOURCE_ROOT; };
		2D3B03BE020A2987C963FA33 /* Main.cpp */ /* Main.cpp */ = {isa = PBXFileReference; lastKnownFileType = sourcecode.cpp.cpp; name = Main.cpp; path = ../../Source/Main.cpp; sourceTree = SOURCE_ROOT; };
		31DDE3A6E8079AD68B838085 /* juce_events */ /* juce_events */ = {isa = PBXFileReference; lastKnownFileType = folder; name = juce_events; path = /Applications/JUCE/modules/juce_events; sourceTree = "<absolute>"; };
		3BADC748AF88CEE14AA33378 /* juce_gui_basics */ /* juce_gui_basics */ = {isa = PBXFileReference; lastKnownFileType = folder; name = juce_gui_basics; path = /Applications/JUCE/modules/juce_gui_basics; sourceTree = "<absolute>"; };
		3BC2CDD80DD2611ABC5242B2 /* CoreImage.framework */ /* CoreImage.framework */ = {isa = PBXFileReference; lastKnownFileType = wrapper.framework; name = CoreImage.framework; path = System/Library/Frameworks/CoreImage.framework; sourceTree = SDKROOT; };
		4DFEE7D92085A7FD4B8489AF /* LaunchScreen.storyboard */ /* LaunchScreen.storyboard */ = {isa = PBXFileReference; lastKnownFileType = file.storyboard; name = LaunchScreen.storyboard; path = LaunchScreen.storyboard; sourceTree = SOURCE_ROOT; };
		56E85E2EFB41A93D541D0EA4 /* QuartzCore.framework */ /* QuartzCore.framework */ = {isa = PBXFileReference; lastKnownFileType = wrapper.framework; name = QuartzCore.framework; path = System/Library/Frameworks/QuartzCore.framework; sourceTree = SDKROOT; };
		59C695BE924A61BCC644E458 /* UIKit.framework */ /* UIKit.framework */ = {isa = PBXFileReference; lastKnownFileType = wrapper.framework; name = UIKit.framework; path = System/Library/Frameworks/UIKit.framework; sourceTree = SDKROOT; };
		66A6CB1DEACF3DD11D1015A0 /* juce_graphics */ /* juce_graphics */ = {isa = PBXFileReference; lastKnownFileType = folder; name = juce_graphics; path = /Applications/JUCE/modules/juce_graphics; sourceTree = "<absolute>"; };
		707F59C047FE1FA3658BABBF /* Images.xcassets */ /* Images.xcassets */ = {isa = PBXFileReference; lastKnownFileType = folder.assetcatalog; name = Images.xcassets; path = HelloWorld/Images.xcassets; sourceTree = SOURCE_ROOT; };
		7F78836AF61A17253DB0088D /* include_juce_core.mm */ /* include_juce_core.mm */ = {isa = PBXFileReference; lastKnownFileType = sourcecode.cpp.objcpp; name = include_juce_core.mm; path = ../../JuceLibraryCode/include_juce_core.mm; sourceTree = SOURCE_ROOT; };
		80F139086749A3F796883945 /* include_juce_gui_basics.mm */ /* include_juce_gui_basics.mm */ = {isa = PBXFileReference; lastKnownFileType = sourcecode.cpp.objcpp; name = include_juce_gui_basics.mm; path = ../../JuceLibraryCode/include_juce_gui_basics.mm; sourceTree = SOURCE_ROOT; };
		866AB59538387902AA4EA784 /* App */ = {isa = PBXFileReference; explicitFileType = wrapper.application; includeInIndex = 0; path = HelloWorld.app; sourceTree = BUILT_PRODUCTS_DIR; };
		96DE883A9D2A6C19A56575B6 /* MainComponent.h */ /* MainComponent.h */ = {isa = PBXFileReference; lastKnownFileType = sourcecode.c.h; name = MainComponent.h; path = ../../Source/MainComponent.h; sourceTree = SOURCE_ROOT; };
		9A07042B827213BE3BB9D42D /* Info-App.plist */ /* Info-App.plist */ = {isa = PBXFileReference; lastKnownFileType = text.plist.xml; name = "Info-App.plist"; path = "Info-App.plist"; sourceTree = SOURCE_ROOT; };
		B2538F0EA8A39DAE8B6D86DF /* CoreGraphics.framework */ /* CoreGraphics.framework */ = {isa = PBXFileReference; lastKnownFileType = wrapper.framework; name = CoreGraphics.framework; path = System/Library/Frameworks/CoreGraphics.framework; sourceTree = SDKROOT; };
		C0B377AD22CF8E12B3035840 /* JuceHeader.h */ /* JuceHeader.h */ = {isa = PBXFileReference; lastKnownFileType = sourcecode.c.h; name = JuceHeader.h; path = ../../JuceLibraryCode/JuceHeader.h; sourceTree = SOURCE_ROOT; };
		C1E3DF2A4586E9D9A432AD2A /* juce_core */ /* juce_core */ = {isa = PBXFileReference; lastKnownFileType = folder; name = juce_core; path = /Applications/JUCE/modules/juce_core; sourceTree = "<absolute>"; };
		DDB44DA1A30FC0E9A26FB6DA /* CoreServices.framework */ /* CoreServices.framework */ = {isa = PBXFileReference; lastKnownFileType = wrapper.framework; name = CoreServices.framework; path = System/Library/Frameworks/CoreServices.framework; sourceTree = SDKROOT; };
		DDCEFCC61428B7F350FF279B /* juce_data_structures */ /* juce_data_structures */ = {isa = PBXFileReference; lastKnownFileType = folder; name = juce_data_structures; path = /Applications/JUCE/modules/juce_data_structures; sourceTree = "<absolute>"; };
		E9D6D44DC1F4DB842EA6B9E1 /* include_juce_data_structures.mm */ /* include_juce_data_structures.mm */ = {isa = PBXFileReference; lastKnownFileType = sourcecode.cpp.objcpp; name = include_juce_data_structures.mm; path = ../../JuceLibraryCode/include_juce_data_structures.mm; sourceTree = SOURCE_ROOT; };
		EC3FE2B523D12FE83E9BA14D /* include_juce_graphics.mm */ /* include_juce_graphics.mm */ = {isa = PBXFileReference; lastKnownFileType = sourcecode.cpp.objcpp; name = include_juce_graphics.mm; path = ../../JuceLibraryCode/include_juce_graphics.mm; sourceTree = SOURCE_ROOT; };
		FC233ED2477CBC367650B68C /* Foundation.framework */ /* Foundation.framework */ = {isa = PBXFileReference; lastKnownFileType = wrapper.framework; name = Foundation.framework; path = System/Library/Frameworks/Foundation.framework; sourceTree = SDKROOT; };
/* End PBXFileReference section */

/* Begin PBXFrameworksBuildPhase section */
		D2D99D15C8F5DA04A22617A7 = {
			isa = PBXFrameworksBuildPhase;
			buildActionMask = 2147483647;
			files = (
				E85FF18B56C7915A303C3EE5,
				1B5A9DDAF9BAE9D889CAF145,
				8A1A7F3807AC9CFE44B50D01,
				412745F20EF98FD53D439AE3,
				E7ABA45DA708D03FD9109C73,
				D78EEAA39047E367712AF056,
				B505CB904A13D51F8BD4F15D,
			);
			runOnlyForDeploymentPostprocessing = 0;
		};
/* End PBXFrameworksBuildPhase section */

/* Begin PBXGroup section */
		19F12DC042F38F00F42FB652 /* Source */ = {
			isa = PBXGroup;
			children = (
				E7C1078E843ABACA8BAE30BE,
				43FA0FCC43FE6AE5E573B759,
				1E7D52D7B076E9C242CFA003,
				F5B4F735D0B3BB9EDB4032B2,
				6D9F297B674BC2A9C34C78B2,
				E487E9AF42200D1A18E95C45,
			);
			name = Source;
			sourceTree = "<group>";
		};
		1E7D52D7B076E9C242CFA003 /* JUCE Library Code */ = {
			isa = PBXGroup;
			children = (
				7F78836AF61A17253DB0088D,
				E9D6D44DC1F4DB842EA6B9E1,
				03443859426F59BA5A9E1BEC,
				EC3FE2B523D12FE83E9BA14D,
				80F139086749A3F796883945,
				C0B377AD22CF8E12B3035840,
			);
			name = "JUCE Library Code";
			sourceTree = "<group>";
		};
		221E973F5158E13E081E8474 /* Source */ = {
			isa = PBXGroup;
			children = (
				2D3B03BE020A2987C963FA33,
				96DE883A9D2A6C19A56575B6,
				2518EE6574FD0DCE60D8A5BA,
			);
			name = Source;
			sourceTree = "<group>";
		};
		43FA0FCC43FE6AE5E573B759 /* JUCE Modules */ = {
			isa = PBXGroup;
			children = (
				C1E3DF2A4586E9D9A432AD2A,
				DDCEFCC61428B7F350FF279B,
				31DDE3A6E8079AD68B838085,
				66A6CB1DEACF3DD11D1015A0,
				3BADC748AF88CEE14AA33378,
			);
			name = "JUCE Modules";
			sourceTree = "<group>";
		};
		6D9F297B674BC2A9C34C78B2 /* Frameworks */ = {
			isa = PBXGroup;
			children = (
				B2538F0EA8A39DAE8B6D86DF,
				3BC2CDD80DD2611ABC5242B2,
				DDB44DA1A30FC0E9A26FB6DA,
				129BF87953E391442A5F2C99,
				FC233ED2477CBC367650B68C,
				56E85E2EFB41A93D541D0EA4,
				59C695BE924A61BCC644E458,
			);
			name = Frameworks;
			sourceTree = "<group>";
		};
		E487E9AF42200D1A18E95C45 /* Products */ = {
			isa = PBXGroup;
			children = (
				866AB59538387902AA4EA784,
			);
			name = Products;
			sourceTree = "<group>";
		};
		E7C1078E843ABACA8BAE30BE /* HelloWorld */ = {
			isa = PBXGroup;
			children = (
				221E973F5158E13E081E8474,
			);
			name = HelloWorld;
			sourceTree = "<group>";
		};
		F5B4F735D0B3BB9EDB4032B2 /* Resources */ = {
			isa = PBXGroup;
			children = (
				9A07042B827213BE3BB9D42D,
				707F59C047FE1FA3658BABBF,
				4DFEE7D92085A7FD4B8489AF,
			);
			name = Resources;
			sourceTree = "<group>";
		};
/* End PBXGroup section */

/* Begin PBXNativeTarget section */
		6A3464ECA341F85F92DD3BE8 /* HelloWorld - App */ = {
			isa = PBXNativeTarget;
			buildConfigurationList = 32B3BADB024B561D653E5457;
			buildPhases = (
				BDBD9BC73010AF862658D7FA,
				804DE385BABF54AE48064245,
				D2D99D15C8F5DA04A22617A7,
			);
			buildRules = (
			);
			dependencies = (
			);
			name = "HelloWorld - App";
			productName = HelloWorld;
			productReference = 866AB59538387902AA4EA784;
			productType = "com.apple.product-type.application";
		};
/* End PBXNativeTarget section */

/* Begin PBXProject section */
		C3C4E25FF7A168C765F05995 = {
			isa = PBXProject;
			attributes = {
				LastUpgradeCheck = 1300;
				ORGANIZATIONNAME = "";
				TargetAttributes = {
					6A3464ECA341F85F92DD3BE8 = {
						SystemCapabilities = {
							com.apple.ApplicationGroups.iOS = {
								enabled = 0;
							};
							com.apple.HardenedRuntime = {
								enabled = 0;
							};
							com.apple.InAppPurchase = {
								enabled = 0;
							};
							com.apple.InterAppAudio = {
								enabled = 0;
							};
							com.apple.Push = {
								enabled = 0;
							};
							com.apple.Sandbox = {
								enabled = 0;
							};
						};
					};
				};
			};
			buildConfigurationList = 4FBEF516D1018760DD0C77AB;
			compatibilityVersion = "Xcode 3.2";
			hasScannedForEncodings = 0;
			knownRegions = (
				en,
				Base,
			);
			mainGroup = 19F12DC042F38F00F42FB652;
			projectDirPath = "";
			projectRoot = "";
			targets = (
				6A3464ECA341F85F92DD3BE8,
			);
		};
/* End PBXProject section */

/* Begin PBXResourcesBuildPhase section */
		BDBD9BC73010AF862658D7FA = {
			isa = PBXResourcesBuildPhase;
			buildActionMask = 2147483647;
			files = (
				66AE1959D96D437B531A75D1,
				DAD118CD44AE14203CE6DBCA,
			);
			runOnlyForDeploymentPostprocessing = 0;
		};
/* End PBXResourcesBuildPhase section */

/* Begin PBXSourcesBuildPhase section */
		804DE385BABF54AE48064245 = {
			isa = PBXSourcesBuildPhase;
			buildActionMask = 2147483647;
			files = (
				4BF7C819B846C26DF6892784,
				7538E500823B02DBC6B6759E,
				881FDAF870785B6D2C9DEFAC,
				2FE314A337E596B17DB5B4EE,
				A3DF3C1C543EB69E4A8BC40E,
				905727B042B5C8F9821640B6,
				FDB3B7CCCF21F7169C04DE4D,
			);
			runOnlyForDeploymentPostprocessing = 0;
		};
/* End PBXSourcesBuildPhase section */

/* Begin XCBuildConfiguration section */
		477955FECBBD0525A797FF62 /* Release */ = {
			isa = XCBuildConfiguration;
			buildSettings = {
				"CODE_SIGN_IDENTITY[sdk=iphoneos*]" = "";
				ASSETCATALOG_COMPILER_APPICON_NAME = AppIcon;
				CLANG_CXX_LANGUAGE_STANDARD = "c++14";
				CLANG_CXX_LIBRARY = "libc++";
				CLANG_LINK_OBJC_RUNTIME = NO;
				COMBINE_HIDPI_IMAGES = YES;
				CONFIGURATION_BUILD_DIR = "$(PROJECT_DIR)/build/$(CONFIGURATION)";
				DEAD_CODE_STRIPPING = YES;
				GCC_GENERATE_DEBUGGING_SYMBOLS = NO;
				GCC_OPTIMIZATION_LEVEL = 3;
				GCC_PREPROCESSOR_DEFINITIONS = (
					"_NDEBUG=1",
					"NDEBUG=1",
					"JUCE_CONTENT_SHARING=1",
					"JUCE_DISPLAY_SPLASH_SCREEN=1",
					"JUCE_USE_DARK_SPLASH_SCREEN=1",
					"JUCE_PROJUCER_VERSION=0x60102",
					"JUCE_MODULE_AVAILABLE_juce_core=1",
					"JUCE_MODULE_AVAILABLE_juce_data_structures=1",
					"JUCE_MODULE_AVAILABLE_juce_events=1",
					"JUCE_MODULE_AVAILABLE_juce_graphics=1",
					"JUCE_MODULE_AVAILABLE_juce_gui_basics=1",
					"JUCE_GLOBAL_MODULE_SETTINGS_INCLUDED=1",
					"JUCE_STRICT_REFCOUNTEDPOINTER=1",
					"JUCE_STANDALONE_APPLICATION=1",
					"JUCER_XCODE_IPHONE_5BC26AE3=1",
					"JUCE_APP_VERSION=1.0.0",
					"JUCE_APP_VERSION_HEX=0x10000",
					"JucePlugin_Build_VST=0",
					"JucePlugin_Build_VST3=0",
					"JucePlugin_Build_AU=0",
					"JucePlugin_Build_AUv3=0",
					"JucePlugin_Build_RTAS=0",
					"JucePlugin_Build_AAX=0",
					"JucePlugin_Build_Standalone=0",
					"JucePlugin_Build_Unity=0",
				);
				GCC_VERSION = com.apple.compilers.llvm.clang.1_0;
				HEADER_SEARCH_PATHS = (
					"$(SRCROOT)/../../JuceLibraryCode",
					"/Applications/JUCE/modules",
					"$(inherited)",
				);
				INFOPLIST_FILE = Info-App.plist;
				INFOPLIST_PREPROCESS = NO;
				INSTALL_PATH = "$(HOME)/Applications";
				LLVM_LTO = YES;
				MTL_HEADER_SEARCH_PATHS = "$(SRCROOT)/../../JuceLibraryCode /Applications/JUCE/modules";
				PRODUCT_BUNDLE_IDENTIFIER = com.yourcompany.HelloWorld;
				PRODUCT_NAME = "HelloWorld";
				USE_HEADERMAP = NO;
			};
			name = Release;
		};
		9ACAF65DC8797EF20AE5E9FE /* Debug */ = {
			isa = XCBuildConfiguration;
			buildSettings = {
				"CODE_SIGN_IDENTITY[sdk=iphoneos*]" = "";
				ASSETCATALOG_COMPILER_APPICON_NAME = AppIcon;
				CLANG_CXX_LANGUAGE_STANDARD = "c++14";
				CLANG_CXX_LIBRARY = "libc++";
				CLANG_LINK_OBJC_RUNTIME = NO;
				COMBINE_HIDPI_IMAGES = YES;
				CONFIGURATION_BUILD_DIR = "$(PROJECT_DIR)/build/$(CONFIGURATION)";
				COPY_PHASE_STRIP = NO;
				GCC_DYNAMIC_NO_PIC = NO;
				GCC_OPTIMIZATION_LEVEL = 0;
				GCC_PREPROCESSOR_DEFINITIONS = (
					"_DEBUG=1",
					"DEBUG=1",
					"JUCE_CONTENT_SHARING=1",
					"JUCE_DISPLAY_SPLASH_SCREEN=1",
					"JUCE_USE_DARK_SPLASH_SCREEN=1",
					"JUCE_PROJUCER_VERSION=0x60102",
					"JUCE_MODULE_AVAILABLE_juce_core=1",
					"JUCE_MODULE_AVAILABLE_juce_data_structures=1",
					"JUCE_MODULE_AVAILABLE_juce_events=1",
					"JUCE_MODULE_AVAILABLE_juce_graphics=1",
					"JUCE_MODULE_AVAILABLE_juce_gui_basics=1",
					"JUCE_GLOBAL_MODULE_SETTINGS_INCLUDED=1",
					"JUCE_STRICT_REFCOUNTEDPOINTER=1",
					"JUCE_STANDALONE_APPLICATION=1",
					"JUCER_XCODE_IPHONE_5BC26AE3=1",
					"JUCE_APP_VERSION=1.0.0",
					"JUCE_APP_VERSION_HEX=0x10000",
					"JucePlugin_Build_VST=0",
					"JucePlugin_Build_VST3=0",
					"JucePlugin_Build_AU=0",
					"JucePlugin_Build_AUv3=0",
					"JucePlugin_Build_RTAS=0",
					"JucePlugin_Build_AAX=0",
					"JucePlugin_Build_Standalone=0",
					"JucePlugin_Build_Unity=0",
				);
				GCC_VERSION = com.apple.compilers.llvm.clang.1_0;
				HEADER_SEARCH_PATHS = (
					"$(SRCROOT)/../../JuceLibraryCode",
					"/Applications/JUCE/modules",
					"$(inherited)",
				);
				INFOPLIST_FILE = Info-App.plist;
				INFOPLIST_PREPROCESS = NO;
				INSTALL_PATH = "$(HOME)/Applications";
				MTL_HEADER_SEARCH_PATHS = "$(SRCROOT)/../../JuceLibraryCode /Applications/JUCE/modules";
				PRODUCT_BUNDLE_IDENTIFIER = com.yourcompany.HelloWorld;
				PRODUCT_NAME = "HelloWorld";
				USE_HEADERMAP = NO;
			};
			name = Debug;
		};
		CDC001498D1D59ABC7D505BB /* Release */ = {
			isa = XCBuildConfiguration;
			buildSettings = {
				"CODE_SIGN_IDENTITY[sdk=iphoneos*]" = "";
				ALWAYS_SEARCH_USER_PATHS = NO;
				CLANG_ENABLE_OBJC_WEAK = YES;
				CLANG_WARN_BLOCK_CAPTURE_AUTORELEASING = YES;
				CLANG_WARN_BOOL_CONVERSION = YES;
				CLANG_WARN_COMMA = YES;
				CLANG_WARN_CONSTANT_CONVERSION = YES;
				CLANG_WARN_DEPRECATED_OBJC_IMPLEMENTATIONS = YES;
				CLANG_WARN_EMPTY_BODY = YES;
				CLANG_WARN_ENUM_CONVERSION = YES;
				CLANG_WARN_INFINITE_RECURSION = YES;
				CLANG_WARN_INT_CONVERSION = YES;
				CLANG_WARN_NON_LITERAL_NULL_CONVERSION = YES;
				CLANG_WARN_OBJC_IMPLICIT_RETAIN_SELF = YES;
				CLANG_WARN_OBJC_LITERAL_CONVERSION = YES;
				CLANG_WARN_RANGE_LOOP_ANALYSIS = YES;
				CLANG_WARN_STRICT_PROTOTYPES = YES;
				CLANG_WARN_SUSPICIOUS_MOVE = YES;
				CLANG_WARN_UNREACHABLE_CODE = YES;
				CLANG_WARN__DUPLICATE_METHOD_MATCH = YES;
				DEBUG_INFORMATION_FORMAT = dwarf;
				ENABLE_STRICT_OBJC_MSGSEND = YES;
				ENABLE_TESTABILITY = NO;
				GCC_C_LANGUAGE_STANDARD = c11;
				GCC_INLINES_ARE_PRIVATE_EXTERN = YES;
				GCC_MODEL_TUNING = G5;
				GCC_NO_COMMON_BLOCKS = YES;
				GCC_SYMBOLS_PRIVATE_EXTERN = YES;
				GCC_WARN_64_TO_32_BIT_CONVERSION = YES;
				GCC_WARN_ABOUT_RETURN_TYPE = YES;
				GCC_WARN_CHECK_SWITCH_STATEMENTS = YES;
				GCC_WARN_MISSING_PARENTHESES = YES;
				GCC_WARN_NON_VIRTUAL_DESTRUCTOR = YES;
				GCC_WARN_TYPECHECK_CALLS_TO_PRINTF = YES;
				GCC_WARN_UNDECLARED_SELECTOR = YES;
				GCC_WARN_UNINITIALIZED_AUTOS = YES;
				GCC_WARN_UNUSED_FUNCTION = YES;
				GCC_WARN_UNUSED_VARIABLE = YES;
				IPHONEOS_DEPLOYMENT_TARGET = 9.3;
				PRODUCT_NAME = "HelloWorld";
				SDKROOT = iphoneos;
				TARGETED_DEVICE_FAMILY = "1,2";
				WARNING_CFLAGS = "-Wreorder";
				ZERO_LINK = NO;
			};
			name = Release;
		};
		E73586C82BC2D6E2E247F9E8 /* Debug */ = {
			isa = XCBuildConfiguration;
			buildSettings = {
				"CODE_SIGN_IDENTITY[sdk=iphoneos*]" = "";
				ALWAYS_SEARCH_USER_PATHS = NO;
				CLANG_ENABLE_OBJC_WEAK = YES;
				CLANG_WARN_BLOCK_CAPTURE_AUTORELEASING = YES;
				CLANG_WARN_BOOL_CONVERSION = YES;
				CLANG_WARN_COMMA = YES;
				CLANG_WARN_CONSTANT_CONVERSION = YES;
				CLANG_WARN_DEPRECATED_OBJC_IMPLEMENTATIONS = YES;
				CLANG_WARN_EMPTY_BODY = YES;
				CLANG_WARN_ENUM_CONVERSION = YES;
				CLANG_WARN_INFINITE_RECURSION = YES;
				CLANG_WARN_INT_CONVERSION = YES;
				CLANG_WARN_NON_LITERAL_NULL_CONVERSION = YES;
				CLANG_WARN_OBJC_IMPLICIT_RETAIN_SELF = YES;
				CLANG_WARN_OBJC_LITERAL_CONVERSION = YES;
				CLANG_WARN_RANGE_LOOP_ANALYSIS = YES;
				CLANG_WARN_STRICT_PROTOTYPES = YES;
				CLANG_WARN_SUSPICIOUS_MOVE = YES;
				CLANG_WARN_UNREACHABLE_CODE = YES;
				CLANG_WARN__DUPLICATE_METHOD_MATCH = YES;
				DEBUG_INFORMATION_FORMAT = dwarf;
				ENABLE_STRICT_OBJC_MSGSEND = YES;
				ENABLE_TESTABILITY = NO;
				GCC_C_LANGUAGE_STANDARD = c11;
				GCC_INLINES_ARE_PRIVATE_EXTERN = YES;
				GCC_MODEL_TUNING = G5;
				GCC_NO_COMMON_BLOCKS = YES;
				GCC_SYMBOLS_PRIVATE_EXTERN = YES;
				GCC_WARN_64_TO_32_BIT_CONVERSION = YES;
				GCC_WARN_ABOUT_RETURN_TYPE = YES;
				GCC_WARN_CHECK_SWITCH_STATEMENTS = YES;
				GCC_WARN_MISSING_PARENTHESES = YES;
				GCC_WARN_NON_VIRTUAL_DESTRUCTOR = YES;
				GCC_WARN_TYPECHECK_CALLS_TO_PRINTF = YES;
				GCC_WARN_UNDECLARED_SELECTOR = YES;
				GCC_WARN_UNINITIALIZED_AUTOS = YES;
				GCC_WARN_UNUSED_FUNCTION = YES;
				GCC_WARN_UNUSED_VARIABLE = YES;
				IPHONEOS_DEPLOYMENT_TARGET = 9.3;
				ONLY_ACTIVE_ARCH = YES;
				PRODUCT_NAME = "HelloWorld";
				SDKROOT = iphoneos;
				TARGETED_DEVICE_FAMILY = "1,2";
				WARNING_CFLAGS = "-Wreorder";
				ZERO_LINK = NO;
			};
			name = Debug;
		};
/* End XCBuildConfiguration section */

/* Begin XCConfigurationList section */
		32B3BADB024B561D653E5457 = {
			isa = XCConfigurationList;
			buildConfigurations = (
				9ACAF65DC8797EF20AE5E9FE,
				477955FECBBD0525A797FF62,
			);
			defaultConfigurationIsVisible = 0;
			defaultConfigurationName = Debug;
		};
		4FBEF516D1018760DD0C77AB = {
			isa = XCConfigurationList;
			buildConfigurations = (
				CDC001498D1D59ABC7D505BB,
				E73586C82BC2D6E2E247F9E8,
			);
			defaultConfigurationIsVisible = 0;
			defaultConfigurationName = Debug;
		};
/* End XCConfigurationList section */
	};
	rootObject = C3C4E25FF7A168C765F05995 /* Project object */;
}
