// !$*UTF8*$!
{
	archiveVersion = 1;
	classes = {
	};
	objectVersion = 46;
	objects = {

/* Begin PBXBuildFile section */
		0244E48CC6AC178EB6824CB2 /* LaunchScreen.storyboard */ = {isa = PBXBuildFile; fileRef = 84EA904EB1E1BA3CA197C5CA; };
		18FF692890272026A123518E /* Foundation.framework */ = {isa = PBXBuildFile; fileRef = 4926F79DC978DAFD987BB4AF; };
		1F836EB7943F610AB6345FFD /* include_juce_core.mm */ = {isa = PBXBuildFile; fileRef = 65107C1AB0953E409395824C; };
		28F2B2D1F13997ED3011C6C1 /* include_juce_events.mm */ = {isa = PBXBuildFile; fileRef = 9504838A23DF59A7FFA809C3; };
		2EFAE2FB5F126A9894B2D7EF /* CoreServices.framework */ = {isa = PBXBuildFile; fileRef = 855AB5D70CFFE4F708CB0E0A; };
		333EE68DFB1F51A7534DA18A /* CoreImage.framework */ = {isa = PBXBuildFile; fileRef = 0E9FE655885E011CB559AA02; };
		510479ADB7212552F4511F64 /* include_juce_gui_basics.mm */ = {isa = PBXBuildFile; fileRef = A930BF258CD3D357B3D285C0; };
		58660518EE66BA5FC05DD24A /* include_juce_osc.cpp */ = {isa = PBXBuildFile; fileRef = 9E303834C275F0811AD4B41D; };
		60AA81238E3B12FE42C2CF15 /* include_juce_data_structures.mm */ = {isa = PBXBuildFile; fileRef = 17D38A3A3B01E2E6B01B22AC; };
		647703E84FAF8817555F0E9E /* CoreGraphics.framework */ = {isa = PBXBuildFile; fileRef = 6CEF84D49AECEF9D6D42BCF6; };
		668C2179225A18287998949A /* App */ = {isa = PBXBuildFile; fileRef = 9EACB7FDF38D8718A59ECA1D; };
		66C778CA2D8D41B6F27BC80A /* Main.cpp */ = {isa = PBXBuildFile; fileRef = CCBBF3A4814314C0BDB0771F; };
		707BB617B492F5C08670D34C /* include_juce_graphics.mm */ = {isa = PBXBuildFile; fileRef = 03EB4A090A78B90E1C71C56D; };
		82000185824D2308C8E563A1 /* MainComponent.cpp */ = {isa = PBXBuildFile; fileRef = 7E4151658496910183862EEB; };
		9ABE4FFA6685070CC16D3D62 /* CoreText.framework */ = {isa = PBXBuildFile; fileRef = 8DAB475DDB07F748398D3998; };
		BB8DA5073DA61765ABC7F114 /* Images.xcassets */ = {isa = PBXBuildFile; fileRef = F9D96FC546AB1B481CCEAD7A; };
		BEC2B4E34261DA0B38635C5B /* QuartzCore.framework */ = {isa = PBXBuildFile; fileRef = 9DE4FC50A46C2D2D3E733840; };
		FEBB9A93EAA1F78D6385376D /* UIKit.framework */ = {isa = PBXBuildFile; fileRef = 68BB5F6723CFBED69ED560B3; };
/* End PBXBuildFile section */

/* Begin PBXFileReference section */
		03EB4A090A78B90E1C71C56D /* include_juce_graphics.mm */ /* include_juce_graphics.mm */ = {isa = PBXFileReference; lastKnownFileType = sourcecode.cpp.objcpp; name = include_juce_graphics.mm; path = ../../JuceLibraryCode/include_juce_graphics.mm; sourceTree = SOURCE_ROOT; };
		0E9FE655885E011CB559AA02 /* CoreImage.framework */ /* CoreImage.framework */ = {isa = PBXFileReference; lastKnownFileType = wrapper.framework; name = CoreImage.framework; path = System/Library/Frameworks/CoreImage.framework; sourceTree = SDKROOT; };
		17D38A3A3B01E2E6B01B22AC /* include_juce_data_structures.mm */ /* include_juce_data_structures.mm */ = {isa = PBXFileReference; lastKnownFileType = sourcecode.cpp.objcpp; name = include_juce_data_structures.mm; path = ../../JuceLibraryCode/include_juce_data_structures.mm; sourceTree = SOURCE_ROOT; };
		4926F79DC978DAFD987BB4AF /* Foundation.framework */ /* Foundation.framework */ = {isa = PBXFileReference; lastKnownFileType = wrapper.framework; name = Foundation.framework; path = System/Library/Frameworks/Foundation.framework; sourceTree = SDKROOT; };
		62CEDD65F329C5EC747944DB /* MainComponent.h */ /* MainComponent.h */ = {isa = PBXFileReference; lastKnownFileType = sourcecode.c.h; name = MainComponent.h; path = ../../Source/MainComponent.h; sourceTree = SOURCE_ROOT; };
		65107C1AB0953E409395824C /* include_juce_core.mm */ /* include_juce_core.mm */ = {isa = PBXFileReference; lastKnownFileType = sourcecode.cpp.objcpp; name = include_juce_core.mm; path = ../../JuceLibraryCode/include_juce_core.mm; sourceTree = SOURCE_ROOT; };
		68BB5F6723CFBED69ED560B3 /* UIKit.framework */ /* UIKit.framework */ = {isa = PBXFileReference; lastKnownFileType = wrapper.framework; name = UIKit.framework; path = System/Library/Frameworks/UIKit.framework; sourceTree = SDKROOT; };
		6CEF84D49AECEF9D6D42BCF6 /* CoreGraphics.framework */ /* CoreGraphics.framework */ = {isa = PBXFileReference; lastKnownFileType = wrapper.framework; name = CoreGraphics.framework; path = System/Library/Frameworks/CoreGraphics.framework; sourceTree = SDKROOT; };
		7C7EB778F9F6B42EEA3E8A93 /* JuceHeader.h */ /* JuceHeader.h */ = {isa = PBXFileReference; lastKnownFileType = sourcecode.c.h; name = JuceHeader.h; path = ../../JuceLibraryCode/JuceHeader.h; sourceTree = SOURCE_ROOT; };
		7E4151658496910183862EEB /* MainComponent.cpp */ /* MainComponent.cpp */ = {isa = PBXFileReference; lastKnownFileType = sourcecode.cpp.cpp; name = MainComponent.cpp; path = ../../Source/MainComponent.cpp; sourceTree = SOURCE_ROOT; };
		8288E12B28F894A22E25E613 /* juce_osc */ /* juce_osc */ = {isa = PBXFileReference; lastKnownFileType = folder; name = juce_osc; path = /Applications/JUCE/modules/juce_osc; sourceTree = "<absolute>"; };
		84EA904EB1E1BA3CA197C5CA /* LaunchScreen.storyboard */ /* LaunchScreen.storyboard */ = {isa = PBXFileReference; lastKnownFileType = file.storyboard; name = LaunchScreen.storyboard; path = LaunchScreen.storyboard; sourceTree = SOURCE_ROOT; };
		855AB5D70CFFE4F708CB0E0A /* CoreServices.framework */ /* CoreServices.framework */ = {isa = PBXFileReference; lastKnownFileType = wrapper.framework; name = CoreServices.framework; path = System/Library/Frameworks/CoreServices.framework; sourceTree = SDKROOT; };
		85D398B85AFE5082FF9A98F9 /* juce_events */ /* juce_events */ = {isa = PBXFileReference; lastKnownFileType = folder; name = juce_events; path = /Applications/JUCE/modules/juce_events; sourceTree = "<absolute>"; };
		8DAB475DDB07F748398D3998 /* CoreText.framework */ /* CoreText.framework */ = {isa = PBXFileReference; lastKnownFileType = wrapper.framework; name = CoreText.framework; path = System/Library/Frameworks/CoreText.framework; sourceTree = SDKROOT; };
		9504838A23DF59A7FFA809C3 /* include_juce_events.mm */ /* include_juce_events.mm */ = {isa = PBXFileReference; lastKnownFileType = sourcecode.cpp.objcpp; name = include_juce_events.mm; path = ../../JuceLibraryCode/include_juce_events.mm; sourceTree = SOURCE_ROOT; };
		9DE4FC50A46C2D2D3E733840 /* QuartzCore.framework */ /* QuartzCore.framework */ = {isa = PBXFileReference; lastKnownFileType = wrapper.framework; name = QuartzCore.framework; path = System/Library/Frameworks/QuartzCore.framework; sourceTree = SDKROOT; };
		9E303834C275F0811AD4B41D /* include_juce_osc.cpp */ /* include_juce_osc.cpp */ = {isa = PBXFileReference; lastKnownFileType = sourcecode.cpp.cpp; name = include_juce_osc.cpp; path = ../../JuceLibraryCode/include_juce_osc.cpp; sourceTree = SOURCE_ROOT; };
		9EACB7FDF38D8718A59ECA1D /* App */ = {isa = PBXFileReference; explicitFileType = wrapper.application; includeInIndex = 0; path = OSController.app; sourceTree = BUILT_PRODUCTS_DIR; };
		A930BF258CD3D357B3D285C0 /* include_juce_gui_basics.mm */ /* include_juce_gui_basics.mm */ = {isa = PBXFileReference; lastKnownFileType = sourcecode.cpp.objcpp; name = include_juce_gui_basics.mm; path = ../../JuceLibraryCode/include_juce_gui_basics.mm; sourceTree = SOURCE_ROOT; };
		ABD299C6ED4EECA91ED37609 /* juce_gui_basics */ /* juce_gui_basics */ = {isa = PBXFileReference; lastKnownFileType = folder; name = juce_gui_basics; path = /Applications/JUCE/modules/juce_gui_basics; sourceTree = "<absolute>"; };
		CB0AD484B68AFA35149EE198 /* Info-App.plist */ /* Info-App.plist */ = {isa = PBXFileReference; lastKnownFileType = text.plist.xml; name = "Info-App.plist"; path = "Info-App.plist"; sourceTree = SOURCE_ROOT; };
		CCBBF3A4814314C0BDB0771F /* Main.cpp */ /* Main.cpp */ = {isa = PBXFileReference; lastKnownFileType = sourcecode.cpp.cpp; name = Main.cpp; path = ../../Source/Main.cpp; sourceTree = SOURCE_ROOT; };
		D385020F61EBBF672CEDAD76 /* juce_core */ /* juce_core */ = {isa = PBXFileReference; lastKnownFileType = folder; name = juce_core; path = /Applications/JUCE/modules/juce_core; sourceTree = "<absolute>"; };
		E2B103B446C5EFC3C3B54AB2 /* juce_data_structures */ /* juce_data_structures */ = {isa = PBXFileReference; lastKnownFileType = folder; name = juce_data_structures; path = /Applications/JUCE/modules/juce_data_structures; sourceTree = "<absolute>"; };
		E62CD4BDA0A2AB9D343A60D4 /* juce_graphics */ /* juce_graphics */ = {isa = PBXFileReference; lastKnownFileType = folder; name = juce_graphics; path = /Applications/JUCE/modules/juce_graphics; sourceTree = "<absolute>"; };
		F9D96FC546AB1B481CCEAD7A /* Images.xcassets */ /* Images.xcassets */ = {isa = PBXFileReference; lastKnownFileType = folder.assetcatalog; name = Images.xcassets; path = OSController/Images.xcassets; sourceTree = SOURCE_ROOT; };
/* End PBXFileReference section */

/* Begin PBXFrameworksBuildPhase section */
		1BBDF1FA56C38490A8CC23AD = {
			isa = PBXFrameworksBuildPhase;
			buildActionMask = 2147483647;
			files = (
				647703E84FAF8817555F0E9E,
				333EE68DFB1F51A7534DA18A,
				2EFAE2FB5F126A9894B2D7EF,
				9ABE4FFA6685070CC16D3D62,
				18FF692890272026A123518E,
				BEC2B4E34261DA0B38635C5B,
				FEBB9A93EAA1F78D6385376D,
			);
			runOnlyForDeploymentPostprocessing = 0;
		};
/* End PBXFrameworksBuildPhase section */

/* Begin PBXGroup section */
		068D3892C41E002D43C1E020 /* Frameworks */ = {
			isa = PBXGroup;
			children = (
				6CEF84D49AECEF9D6D42BCF6,
				0E9FE655885E011CB559AA02,
				855AB5D70CFFE4F708CB0E0A,
				8DAB475DDB07F748398D3998,
				4926F79DC978DAFD987BB4AF,
				9DE4FC50A46C2D2D3E733840,
				68BB5F6723CFBED69ED560B3,
			);
			name = Frameworks;
			sourceTree = "<group>";
		};
		19DA62B39C7B8B58281C26AE /* Source */ = {
			isa = PBXGroup;
			children = (
				E058E5A363C29C6510267C4B,
				9A437529B05266E45BCCA7A0,
				42F7BDF659177D838BE16721,
				B72651AD05B13025B3825F45,
				068D3892C41E002D43C1E020,
				ADC70A723467F14A210A93EB,
			);
			name = Source;
			sourceTree = "<group>";
		};
		32AA955A634769525B52DF07 /* Source */ = {
			isa = PBXGroup;
			children = (
				CCBBF3A4814314C0BDB0771F,
				62CEDD65F329C5EC747944DB,
				7E4151658496910183862EEB,
			);
			name = Source;
			sourceTree = "<group>";
		};
		42F7BDF659177D838BE16721 /* JUCE Library Code */ = {
			isa = PBXGroup;
			children = (
				65107C1AB0953E409395824C,
				17D38A3A3B01E2E6B01B22AC,
				9504838A23DF59A7FFA809C3,
				03EB4A090A78B90E1C71C56D,
				A930BF258CD3D357B3D285C0,
				9E303834C275F0811AD4B41D,
				7C7EB778F9F6B42EEA3E8A93,
			);
			name = "JUCE Library Code";
			sourceTree = "<group>";
		};
		9A437529B05266E45BCCA7A0 /* JUCE Modules */ = {
			isa = PBXGroup;
			children = (
				D385020F61EBBF672CEDAD76,
				E2B103B446C5EFC3C3B54AB2,
				85D398B85AFE5082FF9A98F9,
				E62CD4BDA0A2AB9D343A60D4,
				ABD299C6ED4EECA91ED37609,
				8288E12B28F894A22E25E613,
			);
			name = "JUCE Modules";
			sourceTree = "<group>";
		};
		ADC70A723467F14A210A93EB /* Products */ = {
			isa = PBXGroup;
			children = (
				9EACB7FDF38D8718A59ECA1D,
			);
			name = Products;
			sourceTree = "<group>";
		};
		B72651AD05B13025B3825F45 /* Resources */ = {
			isa = PBXGroup;
			children = (
				CB0AD484B68AFA35149EE198,
				F9D96FC546AB1B481CCEAD7A,
				84EA904EB1E1BA3CA197C5CA,
			);
			name = Resources;
			sourceTree = "<group>";
		};
		E058E5A363C29C6510267C4B /* OSController */ = {
			isa = PBXGroup;
			children = (
				32AA955A634769525B52DF07,
			);
			name = OSController;
			sourceTree = "<group>";
		};
/* End PBXGroup section */

/* Begin PBXNativeTarget section */
		D5F711105689CA43AFB476D7 /* OSController - App */ = {
			isa = PBXNativeTarget;
			buildConfigurationList = 4A15700E0048F1C6B1288D0E;
			buildPhases = (
				CB68FEC1B0D4418C1A5C8181,
				4AF601920413C3D2B1E4116C,
				1BBDF1FA56C38490A8CC23AD,
			);
			buildRules = (
			);
			dependencies = (
			);
			name = "OSController - App";
			productName = OSController;
			productReference = 9EACB7FDF38D8718A59ECA1D;
			productType = "com.apple.product-type.application";
		};
/* End PBXNativeTarget section */

/* Begin PBXProject section */
		5E7E7512FBBDDD55AD82C28D = {
			isa = PBXProject;
			attributes = {
				LastUpgradeCheck = 1310;
				ORGANIZATIONNAME = "";
				TargetAttributes = {
					D5F711105689CA43AFB476D7 = {
						SystemCapabilities = {
							com.apple.ApplicationGroups.iOS = {
								enabled = 0;
							};
							com.apple.HardenedRuntime = {
								enabled = 0;
							};
							com.apple.InAppPurchase = {
								enabled = 0;
							};
							com.apple.InterAppAudio = {
								enabled = 0;
							};
							com.apple.Push = {
								enabled = 0;
							};
							com.apple.Sandbox = {
								enabled = 0;
							};
						};
					};
				};
			};
			buildConfigurationList = 96152F40622FC3B8673CE6E8;
			compatibilityVersion = "Xcode 3.2";
			hasScannedForEncodings = 0;
			knownRegions = (
				en,
				Base,
			);
			mainGroup = 19DA62B39C7B8B58281C26AE;
			projectDirPath = "";
			projectRoot = "";
			targets = (
				D5F711105689CA43AFB476D7,
			);
		};
/* End PBXProject section */

/* Begin PBXResourcesBuildPhase section */
		CB68FEC1B0D4418C1A5C8181 = {
			isa = PBXResourcesBuildPhase;
			buildActionMask = 2147483647;
			files = (
				BB8DA5073DA61765ABC7F114,
				0244E48CC6AC178EB6824CB2,
			);
			runOnlyForDeploymentPostprocessing = 0;
		};
/* End PBXResourcesBuildPhase section */

/* Begin PBXSourcesBuildPhase section */
		4AF601920413C3D2B1E4116C = {
			isa = PBXSourcesBuildPhase;
			buildActionMask = 2147483647;
			files = (
				66C778CA2D8D41B6F27BC80A,
				82000185824D2308C8E563A1,
				1F836EB7943F610AB6345FFD,
				60AA81238E3B12FE42C2CF15,
				28F2B2D1F13997ED3011C6C1,
				707BB617B492F5C08670D34C,
				510479ADB7212552F4511F64,
				58660518EE66BA5FC05DD24A,
			);
			runOnlyForDeploymentPostprocessing = 0;
		};
/* End PBXSourcesBuildPhase section */

/* Begin XCBuildConfiguration section */
		8F67A374E30C9DD8A9096C52 /* Release */ = {
			isa = XCBuildConfiguration;
			buildSettings = {
				"CODE_SIGN_IDENTITY[sdk=iphoneos*]" = "-";
				ALWAYS_SEARCH_USER_PATHS = NO;
				CLANG_ENABLE_OBJC_WEAK = YES;
				CLANG_WARN_BLOCK_CAPTURE_AUTORELEASING = YES;
				CLANG_WARN_BOOL_CONVERSION = YES;
				CLANG_WARN_COMMA = YES;
				CLANG_WARN_CONSTANT_CONVERSION = YES;
				CLANG_WARN_DEPRECATED_OBJC_IMPLEMENTATIONS = YES;
				CLANG_WARN_EMPTY_BODY = YES;
				CLANG_WARN_ENUM_CONVERSION = YES;
				CLANG_WARN_INFINITE_RECURSION = YES;
				CLANG_WARN_INT_CONVERSION = YES;
				CLANG_WARN_NON_LITERAL_NULL_CONVERSION = YES;
				CLANG_WARN_OBJC_IMPLICIT_RETAIN_SELF = YES;
				CLANG_WARN_OBJC_LITERAL_CONVERSION = YES;
				CLANG_WARN_RANGE_LOOP_ANALYSIS = YES;
				CLANG_WARN_STRICT_PROTOTYPES = YES;
				CLANG_WARN_SUSPICIOUS_MOVE = YES;
				CLANG_WARN_UNREACHABLE_CODE = YES;
				CLANG_WARN__DUPLICATE_METHOD_MATCH = YES;
				DEBUG_INFORMATION_FORMAT = dwarf;
				ENABLE_STRICT_OBJC_MSGSEND = YES;
				ENABLE_TESTABILITY = NO;
				GCC_C_LANGUAGE_STANDARD = c11;
				GCC_INLINES_ARE_PRIVATE_EXTERN = YES;
				GCC_MODEL_TUNING = G5;
				GCC_NO_COMMON_BLOCKS = YES;
				GCC_SYMBOLS_PRIVATE_EXTERN = YES;
				GCC_WARN_64_TO_32_BIT_CONVERSION = YES;
				GCC_WARN_ABOUT_RETURN_TYPE = YES;
				GCC_WARN_CHECK_SWITCH_STATEMENTS = YES;
				GCC_WARN_MISSING_PARENTHESES = YES;
				GCC_WARN_NON_VIRTUAL_DESTRUCTOR = YES;
				GCC_WARN_TYPECHECK_CALLS_TO_PRINTF = YES;
				GCC_WARN_UNDECLARED_SELECTOR = YES;
				GCC_WARN_UNINITIALIZED_AUTOS = YES;
				GCC_WARN_UNUSED_FUNCTION = YES;
				GCC_WARN_UNUSED_VARIABLE = YES;
				IPHONEOS_DEPLOYMENT_TARGET = 9.3;
				PRODUCT_NAME = "OSController";
				SDKROOT = iphoneos;
				TARGETED_DEVICE_FAMILY = "1,2";
				WARNING_CFLAGS = "-Wreorder";
				ZERO_LINK = NO;
			};
			name = Release;
		};
		AA5BBF863F5B0AD3896E634D /* Debug */ = {
			isa = XCBuildConfiguration;
			buildSettings = {
				"CODE_SIGN_IDENTITY[sdk=iphoneos*]" = "-";
				ALWAYS_SEARCH_USER_PATHS = NO;
				CLANG_ENABLE_OBJC_WEAK = YES;
				CLANG_WARN_BLOCK_CAPTURE_AUTORELEASING = YES;
				CLANG_WARN_BOOL_CONVERSION = YES;
				CLANG_WARN_COMMA = YES;
				CLANG_WARN_CONSTANT_CONVERSION = YES;
				CLANG_WARN_DEPRECATED_OBJC_IMPLEMENTATIONS = YES;
				CLANG_WARN_EMPTY_BODY = YES;
				CLANG_WARN_ENUM_CONVERSION = YES;
				CLANG_WARN_INFINITE_RECURSION = YES;
				CLANG_WARN_INT_CONVERSION = YES;
				CLANG_WARN_NON_LITERAL_NULL_CONVERSION = YES;
				CLANG_WARN_OBJC_IMPLICIT_RETAIN_SELF = YES;
				CLANG_WARN_OBJC_LITERAL_CONVERSION = YES;
				CLANG_WARN_RANGE_LOOP_ANALYSIS = YES;
				CLANG_WARN_STRICT_PROTOTYPES = YES;
				CLANG_WARN_SUSPICIOUS_MOVE = YES;
				CLANG_WARN_UNREACHABLE_CODE = YES;
				CLANG_WARN__DUPLICATE_METHOD_MATCH = YES;
				DEBUG_INFORMATION_FORMAT = dwarf;
				ENABLE_STRICT_OBJC_MSGSEND = YES;
				ENABLE_TESTABILITY = NO;
				GCC_C_LANGUAGE_STANDARD = c11;
				GCC_INLINES_ARE_PRIVATE_EXTERN = YES;
				GCC_MODEL_TUNING = G5;
				GCC_NO_COMMON_BLOCKS = YES;
				GCC_SYMBOLS_PRIVATE_EXTERN = YES;
				GCC_WARN_64_TO_32_BIT_CONVERSION = YES;
				GCC_WARN_ABOUT_RETURN_TYPE = YES;
				GCC_WARN_CHECK_SWITCH_STATEMENTS = YES;
				GCC_WARN_MISSING_PARENTHESES = YES;
				GCC_WARN_NON_VIRTUAL_DESTRUCTOR = YES;
				GCC_WARN_TYPECHECK_CALLS_TO_PRINTF = YES;
				GCC_WARN_UNDECLARED_SELECTOR = YES;
				GCC_WARN_UNINITIALIZED_AUTOS = YES;
				GCC_WARN_UNUSED_FUNCTION = YES;
				GCC_WARN_UNUSED_VARIABLE = YES;
				IPHONEOS_DEPLOYMENT_TARGET = 9.3;
				ONLY_ACTIVE_ARCH = YES;
				PRODUCT_NAME = "OSController";
				SDKROOT = iphoneos;
				TARGETED_DEVICE_FAMILY = "1,2";
				WARNING_CFLAGS = "-Wreorder";
				ZERO_LINK = NO;
			};
			name = Debug;
		};
		B6EA94519A39B5F46DD61174 /* Release */ = {
			isa = XCBuildConfiguration;
			buildSettings = {
				"CODE_SIGN_IDENTITY[sdk=iphoneos*]" = "-";
				ASSETCATALOG_COMPILER_APPICON_NAME = AppIcon;
				CLANG_CXX_LANGUAGE_STANDARD = "c++14";
				CLANG_CXX_LIBRARY = "libc++";
				CLANG_LINK_OBJC_RUNTIME = NO;
				CODE_SIGN_STYLE = Manual;
				COMBINE_HIDPI_IMAGES = YES;
				CONFIGURATION_BUILD_DIR = "$(PROJECT_DIR)/build/$(CONFIGURATION)";
				DEAD_CODE_STRIPPING = YES;
				GCC_GENERATE_DEBUGGING_SYMBOLS = NO;
				GCC_OPTIMIZATION_LEVEL = 3;
				GCC_PREPROCESSOR_DEFINITIONS = (
					"_NDEBUG=1",
					"NDEBUG=1",
					"JUCE_CONTENT_SHARING=1",
					"JUCE_DISPLAY_SPLASH_SCREEN=1",
					"JUCE_USE_DARK_SPLASH_SCREEN=1",
					"JUCE_PROJUCER_VERSION=0x60103",
					"JUCE_MODULE_AVAILABLE_juce_core=1",
					"JUCE_MODULE_AVAILABLE_juce_data_structures=1",
					"JUCE_MODULE_AVAILABLE_juce_events=1",
					"JUCE_MODULE_AVAILABLE_juce_graphics=1",
					"JUCE_MODULE_AVAILABLE_juce_gui_basics=1",
					"JUCE_MODULE_AVAILABLE_juce_osc=1",
					"JUCE_GLOBAL_MODULE_SETTINGS_INCLUDED=1",
					"JUCE_STRICT_REFCOUNTEDPOINTER=1",
					"JUCE_STANDALONE_APPLICATION=1",
					"JUCER_XCODE_IPHONE_5BC26AE3=1",
					"JUCE_APP_VERSION=1.0.0",
					"JUCE_APP_VERSION_HEX=0x10000",
					"JucePlugin_Build_VST=0",
					"JucePlugin_Build_VST3=0",
					"JucePlugin_Build_AU=0",
					"JucePlugin_Build_AUv3=0",
					"JucePlugin_Build_RTAS=0",
					"JucePlugin_Build_AAX=0",
					"JucePlugin_Build_Standalone=0",
					"JucePlugin_Build_Unity=0",
				);
				GCC_VERSION = com.apple.compilers.llvm.clang.1_0;
				HEADER_SEARCH_PATHS = (
					"$(SRCROOT)/../../JuceLibraryCode",
					"/Applications/JUCE/modules",
					"$(inherited)",
				);
				INFOPLIST_FILE = Info-App.plist;
				INFOPLIST_PREPROCESS = NO;
				INSTALL_PATH = "$(HOME)/Applications";
				LLVM_LTO = YES;
				MTL_HEADER_SEARCH_PATHS = "$(SRCROOT)/../../JuceLibraryCode /Applications/JUCE/modules";
				PRODUCT_BUNDLE_IDENTIFIER = com.yourcompany.OSController;
				PRODUCT_NAME = "OSController";
				PROVISIONING_PROFILE_SPECIFIER = "";
				USE_HEADERMAP = NO;
			};
			name = Release;
		};
		ED59912C3F371C0B22797542 /* Debug */ = {
			isa = XCBuildConfiguration;
			buildSettings = {
				"CODE_SIGN_IDENTITY[sdk=iphoneos*]" = "-";
				ASSETCATALOG_COMPILER_APPICON_NAME = AppIcon;
				CLANG_CXX_LANGUAGE_STANDARD = "c++14";
				CLANG_CXX_LIBRARY = "libc++";
				CLANG_LINK_OBJC_RUNTIME = NO;
				CODE_SIGN_STYLE = Manual;
				COMBINE_HIDPI_IMAGES = YES;
				CONFIGURATION_BUILD_DIR = "$(PROJECT_DIR)/build/$(CONFIGURATION)";
				COPY_PHASE_STRIP = NO;
				GCC_DYNAMIC_NO_PIC = NO;
				GCC_OPTIMIZATION_LEVEL = 0;
				GCC_PREPROCESSOR_DEFINITIONS = (
					"_DEBUG=1",
					"DEBUG=1",
					"JUCE_CONTENT_SHARING=1",
					"JUCE_DISPLAY_SPLASH_SCREEN=1",
					"JUCE_USE_DARK_SPLASH_SCREEN=1",
					"JUCE_PROJUCER_VERSION=0x60103",
					"JUCE_MODULE_AVAILABLE_juce_core=1",
					"JUCE_MODULE_AVAILABLE_juce_data_structures=1",
					"JUCE_MODULE_AVAILABLE_juce_events=1",
					"JUCE_MODULE_AVAILABLE_juce_graphics=1",
					"JUCE_MODULE_AVAILABLE_juce_gui_basics=1",
					"JUCE_MODULE_AVAILABLE_juce_osc=1",
					"JUCE_GLOBAL_MODULE_SETTINGS_INCLUDED=1",
					"JUCE_STRICT_REFCOUNTEDPOINTER=1",
					"JUCE_STANDALONE_APPLICATION=1",
					"JUCER_XCODE_IPHONE_5BC26AE3=1",
					"JUCE_APP_VERSION=1.0.0",
					"JUCE_APP_VERSION_HEX=0x10000",
					"JucePlugin_Build_VST=0",
					"JucePlugin_Build_VST3=0",
					"JucePlugin_Build_AU=0",
					"JucePlugin_Build_AUv3=0",
					"JucePlugin_Build_RTAS=0",
					"JucePlugin_Build_AAX=0",
					"JucePlugin_Build_Standalone=0",
					"JucePlugin_Build_Unity=0",
				);
				GCC_VERSION = com.apple.compilers.llvm.clang.1_0;
				HEADER_SEARCH_PATHS = (
					"$(SRCROOT)/../../JuceLibraryCode",
					"/Applications/JUCE/modules",
					"$(inherited)",
				);
				INFOPLIST_FILE = Info-App.plist;
				INFOPLIST_PREPROCESS = NO;
				INSTALL_PATH = "$(HOME)/Applications";
				MTL_HEADER_SEARCH_PATHS = "$(SRCROOT)/../../JuceLibraryCode /Applications/JUCE/modules";
				PRODUCT_BUNDLE_IDENTIFIER = com.yourcompany.OSController;
				PRODUCT_NAME = "OSController";
				PROVISIONING_PROFILE_SPECIFIER = "";
				USE_HEADERMAP = NO;
			};
			name = Debug;
		};
/* End XCBuildConfiguration section */

/* Begin XCConfigurationList section */
		4A15700E0048F1C6B1288D0E = {
			isa = XCConfigurationList;
			buildConfigurations = (
				ED59912C3F371C0B22797542,
				B6EA94519A39B5F46DD61174,
			);
			defaultConfigurationIsVisible = 0;
			defaultConfigurationName = Debug;
		};
		96152F40622FC3B8673CE6E8 = {
			isa = XCConfigurationList;
			buildConfigurations = (
				8F67A374E30C9DD8A9096C52,
				AA5BBF863F5B0AD3896E634D,
			);
			defaultConfigurationIsVisible = 0;
			defaultConfigurationName = Debug;
		};
/* End XCConfigurationList section */
	};
	rootObject = 5E7E7512FBBDDD55AD82C28D /* Project object */;
}
